// !$*UTF8*$!
{
	archiveVersion = 1;
	classes = {
	};
	objectVersion = 48;
	objects = {

/* Begin PBXBuildFile section */
		2FD9EDDB21BCFC2B00C80956 /* AppDelegate.m in Sources */ = {isa = PBXBuildFile; fileRef = 2FD9EDDA21BCFC2B00C80956 /* AppDelegate.m */; };
		2FD9EDDE21BCFC2B00C80956 /* ViewController.m in Sources */ = {isa = PBXBuildFile; fileRef = 2FD9EDDD21BCFC2B00C80956 /* ViewController.m */; };
		2FD9EDE121BCFC2B00C80956 /* Main.storyboard in Resources */ = {isa = PBXBuildFile; fileRef = 2FD9EDDF21BCFC2B00C80956 /* Main.storyboard */; };
		2FD9EDE321BCFC2B00C80956 /* Assets.xcassets in Resources */ = {isa = PBXBuildFile; fileRef = 2FD9EDE221BCFC2B00C80956 /* Assets.xcassets */; };
		2FD9EDE621BCFC2B00C80956 /* LaunchScreen.storyboard in Resources */ = {isa = PBXBuildFile; fileRef = 2FD9EDE421BCFC2B00C80956 /* LaunchScreen.storyboard */; };
		2FD9EDE921BCFC2B00C80956 /* main.m in Sources */ = {isa = PBXBuildFile; fileRef = 2FD9EDE821BCFC2B00C80956 /* main.m */; };
		2FD9EDF421BCFCA600C80956 /* RGWKWebViewController.m in Sources */ = {isa = PBXBuildFile; fileRef = 2FD9EDEF21BCFCA500C80956 /* RGWKWebViewController.m */; };
		2FD9EDF521BCFCA600C80956 /* RGWKDelegateController.m in Sources */ = {isa = PBXBuildFile; fileRef = 2FD9EDF121BCFCA500C80956 /* RGWKDelegateController.m */; };
		2FD9EDF621BCFCA600C80956 /* RGWKWebViewController.xib in Resources */ = {isa = PBXBuildFile; fileRef = 2FD9EDF321BCFCA600C80956 /* RGWKWebViewController.xib */; };
/* End PBXBuildFile section */

/* Begin PBXFileReference section */
		2FD9EDD621BCFC2B00C80956 /* RGWebViewDemo.app */ = {isa = PBXFileReference; explicitFileType = wrapper.application; includeInIndex = 0; path = RGWebViewDemo.app; sourceTree = BUILT_PRODUCTS_DIR; };
		2FD9EDD921BCFC2B00C80956 /* AppDelegate.h */ = {isa = PBXFileReference; lastKnownFileType = sourcecode.c.h; path = AppDelegate.h; sourceTree = "<group>"; };
		2FD9EDDA21BCFC2B00C80956 /* AppDelegate.m */ = {isa = PBXFileReference; lastKnownFileType = sourcecode.c.objc; path = AppDelegate.m; sourceTree = "<group>"; };
		2FD9EDDC21BCFC2B00C80956 /* ViewController.h */ = {isa = PBXFileReference; lastKnownFileType = sourcecode.c.h; path = ViewController.h; sourceTree = "<group>"; };
		2FD9EDDD21BCFC2B00C80956 /* ViewController.m */ = {isa = PBXFileReference; lastKnownFileType = sourcecode.c.objc; path = ViewController.m; sourceTree = "<group>"; };
		2FD9EDE021BCFC2B00C80956 /* Base */ = {isa = PBXFileReference; lastKnownFileType = file.storyboard; name = Base; path = Base.lproj/Main.storyboard; sourceTree = "<group>"; };
		2FD9EDE221BCFC2B00C80956 /* Assets.xcassets */ = {isa = PBXFileReference; lastKnownFileType = folder.assetcatalog; path = Assets.xcassets; sourceTree = "<group>"; };
		2FD9EDE521BCFC2B00C80956 /* Base */ = {isa = PBXFileReference; lastKnownFileType = file.storyboard; name = Base; path = Base.lproj/LaunchScreen.storyboard; sourceTree = "<group>"; };
		2FD9EDE721BCFC2B00C80956 /* Info.plist */ = {isa = PBXFileReference; lastKnownFileType = text.plist.xml; path = Info.plist; sourceTree = "<group>"; };
		2FD9EDE821BCFC2B00C80956 /* main.m */ = {isa = PBXFileReference; lastKnownFileType = sourcecode.c.objc; path = main.m; sourceTree = "<group>"; };
		2FD9EDEF21BCFCA500C80956 /* RGWKWebViewController.m */ = {isa = PBXFileReference; fileEncoding = 4; lastKnownFileType = sourcecode.c.objc; path = RGWKWebViewController.m; sourceTree = "<group>"; };
		2FD9EDF021BCFCA500C80956 /* RGWKDelegateController.h */ = {isa = PBXFileReference; fileEncoding = 4; lastKnownFileType = sourcecode.c.h; path = RGWKDelegateController.h; sourceTree = "<group>"; };
		2FD9EDF121BCFCA500C80956 /* RGWKDelegateController.m */ = {isa = PBXFileReference; fileEncoding = 4; lastKnownFileType = sourcecode.c.objc; path = RGWKDelegateController.m; sourceTree = "<group>"; };
		2FD9EDF221BCFCA600C80956 /* RGWKWebViewController.h */ = {isa = PBXFileReference; fileEncoding = 4; lastKnownFileType = sourcecode.c.h; path = RGWKWebViewController.h; sourceTree = "<group>"; };
		2FD9EDF321BCFCA600C80956 /* RGWKWebViewController.xib */ = {isa = PBXFileReference; fileEncoding = 4; lastKnownFileType = file.xib; path = RGWKWebViewController.xib; sourceTree = "<group>"; };
/* End PBXFileReference section */

/* Begin PBXFrameworksBuildPhase section */
		2FD9EDD321BCFC2B00C80956 /* Frameworks */ = {
			isa = PBXFrameworksBuildPhase;
			buildActionMask = 2147483647;
			files = (
			);
			runOnlyForDeploymentPostprocessing = 0;
		};
/* End PBXFrameworksBuildPhase section */

/* Begin PBXGroup section */
		2FD9EDCD21BCFC2B00C80956 = {
			isa = PBXGroup;
			children = (
				2FD9EDD821BCFC2B00C80956 /* RGWebViewDemo */,
				2FD9EDD721BCFC2B00C80956 /* Products */,
			);
			sourceTree = "<group>";
		};
		2FD9EDD721BCFC2B00C80956 /* Products */ = {
			isa = PBXGroup;
			children = (
				2FD9EDD621BCFC2B00C80956 /* RGWebViewDemo.app */,
			);
			name = Products;
			sourceTree = "<group>";
		};
		2FD9EDD821BCFC2B00C80956 /* RGWebViewDemo */ = {
			isa = PBXGroup;
			children = (
				2FD9EDD921BCFC2B00C80956 /* AppDelegate.h */,
				2FD9EDDA21BCFC2B00C80956 /* AppDelegate.m */,
				2FD9EDDC21BCFC2B00C80956 /* ViewController.h */,
				2FD9EDDD21BCFC2B00C80956 /* ViewController.m */,
				2FD9EDF021BCFCA500C80956 /* RGWKDelegateController.h */,
				2FD9EDF121BCFCA500C80956 /* RGWKDelegateController.m */,
				2FD9EDF221BCFCA600C80956 /* RGWKWebViewController.h */,
				2FD9EDEF21BCFCA500C80956 /* RGWKWebViewController.m */,
				2FD9EDF321BCFCA600C80956 /* RGWKWebViewController.xib */,
				2FD9EDDF21BCFC2B00C80956 /* Main.storyboard */,
				2FD9EDE221BCFC2B00C80956 /* Assets.xcassets */,
				2FD9EDE421BCFC2B00C80956 /* LaunchScreen.storyboard */,
				2FD9EDE721BCFC2B00C80956 /* Info.plist */,
				2FD9EDE821BCFC2B00C80956 /* main.m */,
			);
			path = RGWebViewDemo;
			sourceTree = "<group>";
		};
/* End PBXGroup section */

/* Begin PBXNativeTarget section */
		2FD9EDD521BCFC2B00C80956 /* RGWebViewDemo */ = {
			isa = PBXNativeTarget;
			buildConfigurationList = 2FD9EDEC21BCFC2B00C80956 /* Build configuration list for PBXNativeTarget "RGWebViewDemo" */;
			buildPhases = (
				2FD9EDD221BCFC2B00C80956 /* Sources */,
				2FD9EDD321BCFC2B00C80956 /* Frameworks */,
				2FD9EDD421BCFC2B00C80956 /* Resources */,
			);
			buildRules = (
			);
			dependencies = (
			);
			name = RGWebViewDemo;
			productName = RGWebViewDemo;
			productReference = 2FD9EDD621BCFC2B00C80956 /* RGWebViewDemo.app */;
			productType = "com.apple.product-type.application";
		};
/* End PBXNativeTarget section */

/* Begin PBXProject section */
		2FD9EDCE21BCFC2B00C80956 /* Project object */ = {
			isa = PBXProject;
			attributes = {
				LastUpgradeCheck = 0920;
				ORGANIZATIONNAME = yangrui;
				TargetAttributes = {
					2FD9EDD521BCFC2B00C80956 = {
						CreatedOnToolsVersion = 9.2;
						ProvisioningStyle = Automatic;
					};
				};
			};
			buildConfigurationList = 2FD9EDD121BCFC2B00C80956 /* Build configuration list for PBXProject "RGWebViewDemo" */;
			compatibilityVersion = "Xcode 8.0";
			developmentRegion = en;
			hasScannedForEncodings = 0;
			knownRegions = (
				en,
				Base,
			);
			mainGroup = 2FD9EDCD21BCFC2B00C80956;
			productRefGroup = 2FD9EDD721BCFC2B00C80956 /* Products */;
			projectDirPath = "";
			projectRoot = "";
			targets = (
				2FD9EDD521BCFC2B00C80956 /* RGWebViewDemo */,
			);
		};
/* End PBXProject section */

/* Begin PBXResourcesBuildPhase section */
		2FD9EDD421BCFC2B00C80956 /* Resources */ = {
			isa = PBXResourcesBuildPhase;
			buildActionMask = 2147483647;
			files = (
				2FD9EDE621BCFC2B00C80956 /* LaunchScreen.storyboard in Resources */,
				2FD9EDE321BCFC2B00C80956 /* Assets.xcassets in Resources */,
				2FD9EDF621BCFCA600C80956 /* RGWKWebViewController.xib in Resources */,
				2FD9EDE121BCFC2B00C80956 /* Main.storyboard in Resources */,
			);
			runOnlyForDeploymentPostprocessing = 0;
		};
/* End PBXResourcesBuildPhase section */

/* Begin PBXSourcesBuildPhase section */
		2FD9EDD221BCFC2B00C80956 /* Sources */ = {
			isa = PBXSourcesBuildPhase;
			buildActionMask = 2147483647;
			files = (
				2FD9EDDE21BCFC2B00C80956 /* ViewController.m in Sources */,
				2FD9EDF521BCFCA600C80956 /* RGWKDelegateController.m in Sources */,
				2FD9EDE921BCFC2B00C80956 /* main.m in Sources */,
				2FD9EDF421BCFCA600C80956 /* RGWKWebViewController.m in Sources */,
				2FD9EDDB21BCFC2B00C80956 /* AppDelegate.m in Sources */,
			);
			runOnlyForDeploymentPostprocessing = 0;
		};
/* End PBXSourcesBuildPhase section */

/* Begin PBXVariantGroup section */
		2FD9EDDF21BCFC2B00C80956 /* Main.storyboard */ = {
			isa = PBXVariantGroup;
			children = (
				2FD9EDE021BCFC2B00C80956 /* Base */,
			);
			name = Main.storyboard;
			sourceTree = "<group>";
		};
		2FD9EDE421BCFC2B00C80956 /* LaunchScreen.storyboard */ = {
			isa = PBXVariantGroup;
			children = (
				2FD9EDE521BCFC2B00C80956 /* Base */,
			);
			name = LaunchScreen.storyboard;
			sourceTree = "<group>";
		};
/* End PBXVariantGroup section */

/* Begin XCBuildConfiguration section */
		2FD9EDEA21BCFC2B00C80956 /* Debug */ = {
			isa = XCBuildConfiguration;
			buildSettings = {
				ALWAYS_SEARCH_USER_PATHS = NO;
				CLANG_ANALYZER_NONNULL = YES;
				CLANG_ANALYZER_NUMBER_OBJECT_CONVERSION = YES_AGGRESSIVE;
				CLANG_CXX_LANGUAGE_STANDARD = "gnu++14";
				CLANG_CXX_LIBRARY = "libc++";
				CLANG_ENABLE_MODULES = YES;
				CLANG_ENABLE_OBJC_ARC = YES;
				CLANG_WARN_BLOCK_CAPTURE_AUTORELEASING = YES;
				CLANG_WARN_BOOL_CONVERSION = YES;
				CLANG_WARN_COMMA = YES;
				CLANG_WARN_CONSTANT_CONVERSION = YES;
				CLANG_WARN_DIRECT_OBJC_ISA_USAGE = YES_ERROR;
				CLANG_WARN_DOCUMENTATION_COMMENTS = YES;
				CLANG_WARN_EMPTY_BODY = YES;
				CLANG_WARN_ENUM_CONVERSION = YES;
				CLANG_WARN_INFINITE_RECURSION = YES;
				CLANG_WARN_INT_CONVERSION = YES;
				CLANG_WARN_NON_LITERAL_NULL_CONVERSION = YES;
				CLANG_WARN_OBJC_LITERAL_CONVERSION = YES;
				CLANG_WARN_OBJC_ROOT_CLASS = YES_ERROR;
				CLANG_WARN_RANGE_LOOP_ANALYSIS = YES;
				CLANG_WARN_STRICT_PROTOTYPES = YES;
				CLANG_WARN_SUSPICIOUS_MOVE = YES;
				CLANG_WARN_UNGUARDED_AVAILABILITY = YES_AGGRESSIVE;
				CLANG_WARN_UNREACHABLE_CODE = YES;
				CLANG_WARN__DUPLICATE_METHOD_MATCH = YES;
				CODE_SIGN_IDENTITY = "iPhone Developer";
				COPY_PHASE_STRIP = NO;
				DEBUG_INFORMATION_FORMAT = dwarf;
				ENABLE_STRICT_OBJC_MSGSEND = YES;
				ENABLE_TESTABILITY = YES;
				GCC_C_LANGUAGE_STANDARD = gnu11;
				GCC_DYNAMIC_NO_PIC = NO;
				GCC_NO_COMMON_BLOCKS = YES;
				GCC_OPTIMIZATION_LEVEL = 0;
				GCC_PREPROCESSOR_DEFINITIONS = (
					"DEBUG=1",
					"$(inherited)",
				);
				GCC_WARN_64_TO_32_BIT_CONVERSION = YES;
				GCC_WARN_ABOUT_RETURN_TYPE = YES_ERROR;
				GCC_WARN_UNDECLARED_SELECTOR = YES;
				GCC_WARN_UNINITIALIZED_AUTOS = YES_AGGRESSIVE;
				GCC_WARN_UNUSED_FUNCTION = YES;
				GCC_WARN_UNUSED_VARIABLE = YES;
				IPHONEOS_DEPLOYMENT_TARGET = 11.2;
				MTL_ENABLE_DEBUG_INFO = YES;
				ONLY_ACTIVE_ARCH = YES;
				SDKROOT = iphoneos;
			};
			name = Debug;
		};
		2FD9EDEB21BCFC2B00C80956 /* Release */ = {
			isa = XCBuildConfiguration;
			buildSettings = {
				ALWAYS_SEARCH_USER_PATHS = NO;
				CLANG_ANALYZER_NONNULL = YES;
				CLANG_ANALYZER_NUMBER_OBJECT_CONVERSION = YES_AGGRESSIVE;
				CLANG_CXX_LANGUAGE_STANDARD = "gnu++14";
				CLANG_CXX_LIBRARY = "libc++";
				CLANG_ENABLE_MODULES = YES;
				CLANG_ENABLE_OBJC_ARC = YES;
				CLANG_WARN_BLOCK_CAPTURE_AUTORELEASING = YES;
				CLANG_WARN_BOOL_CONVERSION = YES;
				CLANG_WARN_COMMA = YES;
				CLANG_WARN_CONSTANT_CONVERSION = YES;
				CLANG_WARN_DIRECT_OBJC_ISA_USAGE = YES_ERROR;
				CLANG_WARN_DOCUMENTATION_COMMENTS = YES;
				CLANG_WARN_EMPTY_BODY = YES;
				CLANG_WARN_ENUM_CONVERSION = YES;
				CLANG_WARN_INFINITE_RECURSION = YES;
				CLANG_WARN_INT_CONVERSION = YES;
				CLANG_WARN_NON_LITERAL_NULL_CONVERSION = YES;
				CLANG_WARN_OBJC_LITERAL_CONVERSION = YES;
				CLANG_WARN_OBJC_ROOT_CLASS = YES_ERROR;
				CLANG_WARN_RANGE_LOOP_ANALYSIS = YES;
				CLANG_WARN_STRICT_PROTOTYPES = YES;
				CLANG_WARN_SUSPICIOUS_MOVE = YES;
				CLANG_WARN_UNGUARDED_AVAILABILITY = YES_AGGRESSIVE;
				CLANG_WARN_UNREACHABLE_CODE = YES;
				CLANG_WARN__DUPLICATE_METHOD_MATCH = YES;
				CODE_SIGN_IDENTITY = "iPhone Developer";
				COPY_PHASE_STRIP = NO;
				DEBUG_INFORMATION_FORMAT = "dwarf-with-dsym";
				ENABLE_NS_ASSERTIONS = NO;
				ENABLE_STRICT_OBJC_MSGSEND = YES;
				GCC_C_LANGUAGE_STANDARD = gnu11;
				GCC_NO_COMMON_BLOCKS = YES;
				GCC_WARN_64_TO_32_BIT_CONVERSION = YES;
				GCC_WARN_ABOUT_RETURN_TYPE = YES_ERROR;
				GCC_WARN_UNDECLARED_SELECTOR = YES;
				GCC_WARN_UNINITIALIZED_AUTOS = YES_AGGRESSIVE;
				GCC_WARN_UNUSED_FUNCTION = YES;
				GCC_WARN_UNUSED_VARIABLE = YES;
				IPHONEOS_DEPLOYMENT_TARGET = 11.2;
				MTL_ENABLE_DEBUG_INFO = NO;
				SDKROOT = iphoneos;
				VALIDATE_PRODUCT = YES;
			};
			name = Release;
		};
		2FD9EDED21BCFC2B00C80956 /* Debug */ = {
			isa = XCBuildConfiguration;
			buildSettings = {
				ASSETCATALOG_COMPILER_APPICON_NAME = AppIcon;
				CODE_SIGN_STYLE = Automatic;
				INFOPLIST_FILE = RGWebViewDemo/Info.plist;
				LD_RUNPATH_SEARCH_PATHS = "$(inherited) @executable_path/Frameworks";
				PRODUCT_BUNDLE_IDENTIFIER = yr.RGWebViewDemo;
				PRODUCT_NAME = "$(TARGET_NAME)";
				TARGETED_DEVICE_FAMILY = "1,2";
			};
			name = Debug;
		};
		2FD9EDEE21BCFC2B00C80956 /* Release */ = {
			isa = XCBuildConfiguration;
			buildSettings = {
				ASSETCATALOG_COMPILER_APPICON_NAME = AppIcon;
				CODE_SIGN_STYLE = Automatic;
				INFOPLIST_FILE = RGWebViewDemo/Info.plist;
				LD_RUNPATH_SEARCH_PATHS = "$(inherited) @executable_path/Frameworks";
				PRODUCT_BUNDLE_IDENTIFIER = yr.RGWebViewDemo;
				PRODUCT_NAME = "$(TARGET_NAME)";
				TARGETED_DEVICE_FAMILY = "1,2";
			};
			name = Release;
		};
/* End XCBuildConfiguration section */

/* Begin XCConfigurationList section */
		2FD9EDD121BCFC2B00C80956 /* Build configuration list for PBXProject "RGWebViewDemo" */ = {
			isa = XCConfigurationList;
			buildConfigurations = (
				2FD9EDEA21BCFC2B00C80956 /* Debug */,
				2FD9EDEB21BCFC2B00C80956 /* Release */,
			);
			defaultConfigurationIsVisible = 0;
			defaultConfigurationName = Release;
		};
		2FD9EDEC21BCFC2B00C80956 /* Build configuration list for PBXNativeTarget "RGWebViewDemo" */ = {
			isa = XCConfigurationList;
			buildConfigurations = (
				2FD9EDED21BCFC2B00C80956 /* Debug */,
				2FD9EDEE21BCFC2B00C80956 /* Release */,
			);
			defaultConfigurationIsVisible = 0;
			defaultConfigurationName = Release;
		};
/* End XCConfigurationList section */
	};
	rootObject = 2FD9EDCE21BCFC2B00C80956 /* Project object */;
}
